<Solution>
  <Configurations>
    <Platform Name="Any CPU" />
    <Platform Name="x64" />
    <Platform Name="x86" />
  </Configurations>
  <Folder Name="/Solution Items/">
    <File Path=".editorconfig" />
    <File Path=".gitattributes" />
    <File Path=".gitignore" />
    <File Path="AddMigration.ps1" />
    <File Path="CLAUDE.md" />
    <File Path="CONTRIBUTING.md" />
    <File Path="DESIGN-DECISIONS.md" />
    <File Path="DOCUMENTATION-STYLE.md" />
    <File Path="LICENSE" />
    <File Path="ListMigrations.ps1" />
    <File Path="README.md" />
    <File Path="RebuildAndTest.ps1" />
    <File Path="RemoveMigration.ps1" />
  </Folder>
  <Folder Name="/Solution Items/Plans/">
    <File Path="Plans/Feature-Ideas.md" />
  </Folder>
  <Project Path="Corely.Billing.ConsoleTest/Corely.Billing.ConsoleApp.csproj" />
  <Project Path="Corely.Billing.DataAccessMigrations.Cli/Corely.Billing.DataAccessMigrations.Cli.csproj" />
  <Project Path="Corely.Billing.DataAccessMigrations.Cli.UnitTests/Corely.Billing.DataAccessMigrations.Cli.UnitTests.csproj" />
  <Project Path="Corely.Billing.DataAccessMigrations.MsSql/Corely.Billing.DataAccessMigrations.MsSql.csproj" />
  <Project Path="Corely.Billing.DataAccessMigrations.MySql/Corely.Billing.DataAccessMigrations.MySql.csproj" />
  <Project Path="Corely.Billing.Demos.Assets/Corely.Billing.Demos.Assets.csproj" />
  <Project Path="Corely.Billing.Demos.Portal/Corely.Billing.Demos.Portal.csproj" />
  <Project Path="Corely.Billing.IntegrationTests/Corely.Billing.IntegrationTests.csproj" />
  <Project Path="Corely.Billing.UnitTests/Corely.Billing.UnitTests.csproj" />
  <Project Path="Corely.Billing.Web/Corely.Billing.Web.csproj" />
  <Project Path="Corely.Billing/Corely.Billing.csproj" />
</Solution>
